
Microsoft Visual Studio Solution File, Format Version 12.00
# Visual Studio Version 17
VisualStudioVersion = 17.8.34322.80
MinimumVisualStudioVersion = 10.0.40219.1
Project("{9A19103F-16F7-4668-BE54-9A1E7A4F7556}") = "ConsoleUI", "ConsoleUI\ConsoleUI.csproj", "{BB5CD26B-A1F2-44EA-BB6D-36ED36DCE92D}"
EndProject
Project("{FAE04EC0-301F-11D3-BF4B-00C04F79EFBC}") = "WebUI", "WebUI\WebUI.csproj", "{0C734539-B605-477D-BF63-E980B35F0073}"
EndProject
Global
	GlobalSection(SolutionConfigurationPlatforms) = preSolution
		Debug|Any CPU = Debug|Any CPU
		Release|Any CPU = Release|Any CPU
	EndGlobalSection
	GlobalSection(ProjectConfigurationPlatforms) = postSolution
		{BB5CD26B-A1F2-44EA-BB6D-36ED36DCE92D}.Debug|Any CPU.ActiveCfg = Debug|Any CPU
		{BB5CD26B-A1F2-44EA-BB6D-36ED36DCE92D}.Debug|Any CPU.Build.0 = Debug|Any CPU
		{BB5CD26B-A1F2-44EA-BB6D-36ED36DCE92D}.Release|Any CPU.ActiveCfg = Release|Any CPU
		{BB5CD26B-A1F2-44EA-BB6D-36ED36DCE92D}.Release|Any CPU.Build.0 = Release|Any CPU
		{0C734539-B605-477D-BF63-E980B35F0073}.Debug|Any CPU.ActiveCfg = Debug|Any CPU
		{0C734539-B605-477D-BF63-E980B35F0073}.Debug|Any CPU.Build.0 = Debug|Any CPU
		{0C734539-B605-477D-BF63-E980B35F0073}.Release|Any CPU.ActiveCfg = Release|Any CPU
		{0C734539-B605-477D-BF63-E980B35F0073}.Release|Any CPU.Build.0 = Release|Any CPU
	EndGlobalSection
	GlobalSection(SolutionProperties) = preSolution
		HideSolutionNode = FALSE
	EndGlobalSection
	GlobalSection(ExtensibilityGlobals) = postSolution
		SolutionGuid = {BB833819-2414-40A4-B6B8-DCB5F8C1E1FB}
	EndGlobalSection
EndGlobal
